# THIS IS AN AUTOGENERATED FILE. DO NOT EDIT THIS FILE DIRECTLY.
# yarn lockfile v1


"@polymer/font-roboto@^3.0.0-pre.21":
  version "3.0.0-pre.21"
  resolved "https://registry.yarnpkg.com/@polymer/font-roboto/-/font-roboto-3.0.0-pre.21.tgz#65674464138a51f57cfdfd043e394d8fe75990b3"

"@polymer/iron-a11y-keys-behavior@^3.0.0-pre.21":
  version "3.0.0-pre.21"
  resolved "https://registry.yarnpkg.com/@polymer/iron-a11y-keys-behavior/-/iron-a11y-keys-behavior-3.0.0-pre.21.tgz#4b79ebfea1fb59225c00a6d9b360df7ed2696c19"
  dependencies:
    "@polymer/polymer" "^3.0.0"

"@polymer/iron-behaviors@^3.0.0-pre.21":
  version "3.0.0-pre.21"
  resolved "https://registry.yarnpkg.com/@polymer/iron-behaviors/-/iron-behaviors-3.0.0-pre.21.tgz#47ea698ccf02842d4ac7a24dcdef06db8a8d9892"
  dependencies:
    "@polymer/iron-a11y-keys-behavior" "^3.0.0-pre.21"
    "@polymer/polymer" "^3.0.0"

"@polymer/iron-checked-element-behavior@^3.0.0-pre.21":
  version "3.0.0-pre.21"
  resolved "https://registry.yarnpkg.com/@polymer/iron-checked-element-behavior/-/iron-checked-element-behavior-3.0.0-pre.21.tgz#778c66d07e8273299700ebd53fb849fd65d4b3a6"
  dependencies:
    "@polymer/iron-form-element-behavior" "^3.0.0-pre.21"
    "@polymer/iron-validatable-behavior" "^3.0.0-pre.21"
    "@polymer/polymer" "^3.0.0"

"@polymer/iron-flex-layout@^3.0.0-pre.21":
  version "3.0.0-pre.21"
  resolved "https://registry.yarnpkg.com/@polymer/iron-flex-layout/-/iron-flex-layout-3.0.0-pre.21.tgz#064bccb85ec2091b66366970e8867d3de7bb273d"
  dependencies:
    "@polymer/polymer" "^3.0.0"

"@polymer/iron-form-element-behavior@^3.0.0-pre.21":
  version "3.0.0-pre.21"
  resolved "https://registry.yarnpkg.com/@polymer/iron-form-element-behavior/-/iron-form-element-behavior-3.0.0-pre.21.tgz#47b2aa9e4c335f77264a370534e23fe6ec83457b"
  dependencies:
    "@polymer/polymer" "^3.0.0"

"@polymer/iron-meta@^3.0.0-pre.21":
  version "3.0.0-pre.21"
  resolved "https://registry.yarnpkg.com/@polymer/iron-meta/-/iron-meta-3.0.0-pre.21.tgz#e74ab386a1b490031e329f7ec032316bec24fa2a"
  dependencies:
    "@polymer/polymer" "^3.0.0"

"@polymer/iron-validatable-behavior@^3.0.0-pre.21":
  version "3.0.0-pre.21"
  resolved "https://registry.yarnpkg.com/@polymer/iron-validatable-behavior/-/iron-validatable-behavior-3.0.0-pre.21.tgz#3c26ed42c0221a1b34d3cfb39c4d1a3b68d67ffe"
  dependencies:
    "@polymer/iron-meta" "^3.0.0-pre.21"
    "@polymer/polymer" "^3.0.0"

"@polymer/lit-element@^0.5.2":
  version "0.5.2"
  resolved "https://registry.yarnpkg.com/@polymer/lit-element/-/lit-element-0.5.2.tgz#8d4e2d1ada27cf0f1a38b7b0eb9fadae92eb63df"
  dependencies:
    "@polymer/polymer" "^3.0.2"
    lit-html "^0.10.0"

"@polymer/paper-behaviors@^3.0.0-pre.21":
  version "3.0.0-pre.21"
  resolved "https://registry.yarnpkg.com/@polymer/paper-behaviors/-/paper-behaviors-3.0.0-pre.21.tgz#be01b8a101c221fc3a100350028cc55107b5db14"
  dependencies:
    "@polymer/iron-behaviors" "^3.0.0-pre.21"
    "@polymer/iron-checked-element-behavior" "^3.0.0-pre.21"
    "@polymer/paper-ripple" "^3.0.0-pre.21"
    "@polymer/polymer" "^3.0.0"

"@polymer/paper-button@^3.0.0-pre.21":
  version "3.0.0-pre.21"
  resolved "https://registry.yarnpkg.com/@polymer/paper-button/-/paper-button-3.0.0-pre.21.tgz#fa3531b0fe3fe45371249fdb27ea7763a53aab80"
  dependencies:
    "@polymer/iron-flex-layout" "^3.0.0-pre.21"
    "@polymer/paper-behaviors" "^3.0.0-pre.21"
    "@polymer/paper-styles" "^3.0.0-pre.21"
    "@polymer/polymer" "^3.0.0"

"@polymer/paper-ripple@^3.0.0-pre.21":
  version "3.0.0-pre.21"
  resolved "https://registry.yarnpkg.com/@polymer/paper-ripple/-/paper-ripple-3.0.0-pre.21.tgz#9375760af161c142591b3a0a1d4db299fb174067"
  dependencies:
    "@polymer/iron-a11y-keys-behavior" "^3.0.0-pre.21"
    "@polymer/polymer" "^3.0.0"

"@polymer/paper-styles@^3.0.0-pre.21":
  version "3.0.0-pre.21"
  resolved "https://registry.yarnpkg.com/@polymer/paper-styles/-/paper-styles-3.0.0-pre.21.tgz#9406bdb3c22c3d132086fae50079d0b5bf5c0541"
  dependencies:
    "@polymer/font-roboto" "^3.0.0-pre.21"
    "@polymer/iron-flex-layout" "^3.0.0-pre.21"
    "@polymer/polymer" "^3.0.0"

"@polymer/polymer@^3.0.0", "@polymer/polymer@^3.0.2":
  version "3.0.2"
  resolved "https://registry.yarnpkg.com/@polymer/polymer/-/polymer-3.0.2.tgz#626e6f9fae9716b0962ce0211e21df242153eab2"
  dependencies:
    "@webcomponents/shadycss" "^1.2.0"

"@webcomponents/shadycss@^1.2.0":
  version "1.3.1"
  resolved "https://registry.yarnpkg.com/@webcomponents/shadycss/-/shadycss-1.3.1.tgz#9320a7a86c8abfec97d41a41e82691a0dfc3a13a"

"@webcomponents/webcomponentsjs@^2.0.0":
  version "2.0.2"
  resolved "https://registry.yarnpkg.com/@webcomponents/webcomponentsjs/-/webcomponentsjs-2.0.2.tgz#35272bcedfab0cba6778707e76f0191d12deb9f6"

lit-html@^0.10.0:
  version "0.10.2"
  resolved "https://registry.yarnpkg.com/lit-html/-/lit-html-0.10.2.tgz#53c846afcf91bb1e6623179ef22e327ab8ac0e0e"
